// !$*UTF8*$!
{
	archiveVersion = 1;
	classes = {
	};
	objectVersion = 51;
	objects = {

/* Begin PBXBuildFile section */
		0816B9E3A77A74638B42921C /* Pods_Vocabulabo_VocabulaboUITests.framework in Frameworks */ = {isa = PBXBuildFile; fileRef = 41DC5E8A6B52B47FE9E636DB /* Pods_Vocabulabo_VocabulaboUITests.framework */; };
		9069BEE75CCBE174FA896D7F /* Pods_Vocabulabo.framework in Frameworks */ = {isa = PBXBuildFile; fileRef = 1721AB17B23CDEB686E6252B /* Pods_Vocabulabo.framework */; };
		A21DA97C23E560ED00EBF8D3 /* AppDelegate.swift in Sources */ = {isa = PBXBuildFile; fileRef = A21DA97B23E560ED00EBF8D3 /* AppDelegate.swift */; };
		A21DA97E23E560ED00EBF8D3 /* SceneDelegate.swift in Sources */ = {isa = PBXBuildFile; fileRef = A21DA97D23E560ED00EBF8D3 /* SceneDelegate.swift */; };
		A21DA98023E560ED00EBF8D3 /* ViewController.swift in Sources */ = {isa = PBXBuildFile; fileRef = A21DA97F23E560ED00EBF8D3 /* ViewController.swift */; };
		A21DA98323E560ED00EBF8D3 /* Main.storyboard in Resources */ = {isa = PBXBuildFile; fileRef = A21DA98123E560ED00EBF8D3 /* Main.storyboard */; };
		A21DA98623E560ED00EBF8D3 /* Vocabulabo.xcdatamodeld in Sources */ = {isa = PBXBuildFile; fileRef = A21DA98423E560ED00EBF8D3 /* Vocabulabo.xcdatamodeld */; };
		A21DA98823E560EF00EBF8D3 /* Assets.xcassets in Resources */ = {isa = PBXBuildFile; fileRef = A21DA98723E560EF00EBF8D3 /* Assets.xcassets */; };
		A21DA98B23E560EF00EBF8D3 /* LaunchScreen.storyboard in Resources */ = {isa = PBXBuildFile; fileRef = A21DA98923E560EF00EBF8D3 /* LaunchScreen.storyboard */; };
		A21DA99623E560EF00EBF8D3 /* VocabulaboTests.swift in Sources */ = {isa = PBXBuildFile; fileRef = A21DA99523E560EF00EBF8D3 /* VocabulaboTests.swift */; };
		A21DA9A123E560EF00EBF8D3 /* VocabulaboUITests.swift in Sources */ = {isa = PBXBuildFile; fileRef = A21DA9A023E560EF00EBF8D3 /* VocabulaboUITests.swift */; };
		A21DA9AF23E5614300EBF8D3 /* UseRealm.swift in Sources */ = {isa = PBXBuildFile; fileRef = A21DA9AE23E5614300EBF8D3 /* UseRealm.swift */; };
		A2674B222455C851001828FE /* Color.xcassets in Resources */ = {isa = PBXBuildFile; fileRef = A2674B212455C851001828FE /* Color.xcassets */; };
		A2674B242455D9D9001828FE /* Constraints.swift in Sources */ = {isa = PBXBuildFile; fileRef = A2674B232455D9D9001828FE /* Constraints.swift */; };
		A26E246A23E6DB5C00324D0C /* UseUserDefault.swift in Sources */ = {isa = PBXBuildFile; fileRef = A26E246923E6DB5C00324D0C /* UseUserDefault.swift */; };
		A26F072123E58F6100DB0251 /* ReadTextFile.swift in Sources */ = {isa = PBXBuildFile; fileRef = A26F072023E58F6100DB0251 /* ReadTextFile.swift */; };
		A26F072323E58FEB00DB0251 /* jawiki-20200120-1.txt in Resources */ = {isa = PBXBuildFile; fileRef = A26F072223E58FEB00DB0251 /* jawiki-20200120-1.txt */; };
		A26F072523E594D800DB0251 /* Constants.swift in Sources */ = {isa = PBXBuildFile; fileRef = A26F072423E594D800DB0251 /* Constants.swift */; };
		A26F072723E596BB00DB0251 /* WikipediaUtil.swift in Sources */ = {isa = PBXBuildFile; fileRef = A26F072623E596BB00DB0251 /* WikipediaUtil.swift */; };
		A29E4E7D23EB08070055787A /* FlowButton.swift in Sources */ = {isa = PBXBuildFile; fileRef = A29E4E7C23EB08070055787A /* FlowButton.swift */; };
		B527B4FBAD13CEC7BBDDFD9A /* Pods_VocabulaboTests.framework in Frameworks */ = {isa = PBXBuildFile; fileRef = 0D829B32A91C5B20B9011A7D /* Pods_VocabulaboTests.framework */; };
/* End PBXBuildFile section */

/* Begin PBXContainerItemProxy section */
		A21DA99223E560EF00EBF8D3 /* PBXContainerItemProxy */ = {
			isa = PBXContainerItemProxy;
			containerPortal = A21DA97023E560ED00EBF8D3 /* Project object */;
			proxyType = 1;
			remoteGlobalIDString = A21DA97723E560ED00EBF8D3;
			remoteInfo = Vocabulabo;
		};
		A21DA99D23E560EF00EBF8D3 /* PBXContainerItemProxy */ = {
			isa = PBXContainerItemProxy;
			containerPortal = A21DA97023E560ED00EBF8D3 /* Project object */;
			proxyType = 1;
			remoteGlobalIDString = A21DA97723E560ED00EBF8D3;
			remoteInfo = Vocabulabo;
		};
/* End PBXContainerItemProxy section */

/* Begin PBXFileReference section */
		0D829B32A91C5B20B9011A7D /* Pods_VocabulaboTests.framework */ = {isa = PBXFileReference; explicitFileType = wrapper.framework; includeInIndex = 0; path = Pods_VocabulaboTests.framework; sourceTree = BUILT_PRODUCTS_DIR; };
		1721AB17B23CDEB686E6252B /* Pods_Vocabulabo.framework */ = {isa = PBXFileReference; explicitFileType = wrapper.framework; includeInIndex = 0; path = Pods_Vocabulabo.framework; sourceTree = BUILT_PRODUCTS_DIR; };
		2EC35315E8635E54A5B9BE86 /* Pods-VocabulaboTests.debug.xcconfig */ = {isa = PBXFileReference; includeInIndex = 1; lastKnownFileType = text.xcconfig; name = "Pods-VocabulaboTests.debug.xcconfig"; path = "Target Support Files/Pods-VocabulaboTests/Pods-VocabulaboTests.debug.xcconfig"; sourceTree = "<group>"; };
		41DC5E8A6B52B47FE9E636DB /* Pods_Vocabulabo_VocabulaboUITests.framework */ = {isa = PBXFileReference; explicitFileType = wrapper.framework; includeInIndex = 0; path = Pods_Vocabulabo_VocabulaboUITests.framework; sourceTree = BUILT_PRODUCTS_DIR; };
		68638A7CE88EC5C39000F812 /* Pods-Vocabulabo.debug.xcconfig */ = {isa = PBXFileReference; includeInIndex = 1; lastKnownFileType = text.xcconfig; name = "Pods-Vocabulabo.debug.xcconfig"; path = "Target Support Files/Pods-Vocabulabo/Pods-Vocabulabo.debug.xcconfig"; sourceTree = "<group>"; };
		6D55A4F6B37A7C7BB05B4CC9 /* Pods-Vocabulabo.release.xcconfig */ = {isa = PBXFileReference; includeInIndex = 1; lastKnownFileType = text.xcconfig; name = "Pods-Vocabulabo.release.xcconfig"; path = "Target Support Files/Pods-Vocabulabo/Pods-Vocabulabo.release.xcconfig"; sourceTree = "<group>"; };
		901D8A0E2EC5298DC7B83282 /* Pods-Vocabulabo-VocabulaboUITests.release.xcconfig */ = {isa = PBXFileReference; includeInIndex = 1; lastKnownFileType = text.xcconfig; name = "Pods-Vocabulabo-VocabulaboUITests.release.xcconfig"; path = "Target Support Files/Pods-Vocabulabo-VocabulaboUITests/Pods-Vocabulabo-VocabulaboUITests.release.xcconfig"; sourceTree = "<group>"; };
		90285D6F70EB8BA93D4F5DE0 /* Pods-VocabulaboTests.release.xcconfig */ = {isa = PBXFileReference; includeInIndex = 1; lastKnownFileType = text.xcconfig; name = "Pods-VocabulaboTests.release.xcconfig"; path = "Target Support Files/Pods-VocabulaboTests/Pods-VocabulaboTests.release.xcconfig"; sourceTree = "<group>"; };
		A21DA97823E560ED00EBF8D3 /* Vocabulabo.app */ = {isa = PBXFileReference; explicitFileType = wrapper.application; includeInIndex = 0; path = Vocabulabo.app; sourceTree = BUILT_PRODUCTS_DIR; };
		A21DA97B23E560ED00EBF8D3 /* AppDelegate.swift */ = {isa = PBXFileReference; lastKnownFileType = sourcecode.swift; path = AppDelegate.swift; sourceTree = "<group>"; };
		A21DA97D23E560ED00EBF8D3 /* SceneDelegate.swift */ = {isa = PBXFileReference; lastKnownFileType = sourcecode.swift; path = SceneDelegate.swift; sourceTree = "<group>"; };
		A21DA97F23E560ED00EBF8D3 /* ViewController.swift */ = {isa = PBXFileReference; lastKnownFileType = sourcecode.swift; path = ViewController.swift; sourceTree = "<group>"; };
		A21DA98223E560ED00EBF8D3 /* Base */ = {isa = PBXFileReference; lastKnownFileType = file.storyboard; name = Base; path = Base.lproj/Main.storyboard; sourceTree = "<group>"; };
		A21DA98523E560ED00EBF8D3 /* Vocabulabo.xcdatamodel */ = {isa = PBXFileReference; lastKnownFileType = wrapper.xcdatamodel; path = Vocabulabo.xcdatamodel; sourceTree = "<group>"; };
		A21DA98723E560EF00EBF8D3 /* Assets.xcassets */ = {isa = PBXFileReference; lastKnownFileType = folder.assetcatalog; path = Assets.xcassets; sourceTree = "<group>"; };
		A21DA98A23E560EF00EBF8D3 /* Base */ = {isa = PBXFileReference; lastKnownFileType = file.storyboard; name = Base; path = Base.lproj/LaunchScreen.storyboard; sourceTree = "<group>"; };
		A21DA98C23E560EF00EBF8D3 /* Info.plist */ = {isa = PBXFileReference; lastKnownFileType = text.plist.xml; path = Info.plist; sourceTree = "<group>"; };
		A21DA99123E560EF00EBF8D3 /* VocabulaboTests.xctest */ = {isa = PBXFileReference; explicitFileType = wrapper.cfbundle; includeInIndex = 0; path = VocabulaboTests.xctest; sourceTree = BUILT_PRODUCTS_DIR; };
		A21DA99523E560EF00EBF8D3 /* VocabulaboTests.swift */ = {isa = PBXFileReference; lastKnownFileType = sourcecode.swift; path = VocabulaboTests.swift; sourceTree = "<group>"; };
		A21DA99723E560EF00EBF8D3 /* Info.plist */ = {isa = PBXFileReference; lastKnownFileType = text.plist.xml; path = Info.plist; sourceTree = "<group>"; };
		A21DA99C23E560EF00EBF8D3 /* VocabulaboUITests.xctest */ = {isa = PBXFileReference; explicitFileType = wrapper.cfbundle; includeInIndex = 0; path = VocabulaboUITests.xctest; sourceTree = BUILT_PRODUCTS_DIR; };
		A21DA9A023E560EF00EBF8D3 /* VocabulaboUITests.swift */ = {isa = PBXFileReference; lastKnownFileType = sourcecode.swift; path = VocabulaboUITests.swift; sourceTree = "<group>"; };
		A21DA9A223E560EF00EBF8D3 /* Info.plist */ = {isa = PBXFileReference; lastKnownFileType = text.plist.xml; path = Info.plist; sourceTree = "<group>"; };
		A21DA9AE23E5614300EBF8D3 /* UseRealm.swift */ = {isa = PBXFileReference; lastKnownFileType = sourcecode.swift; path = UseRealm.swift; sourceTree = "<group>"; };
		A2674B212455C851001828FE /* Color.xcassets */ = {isa = PBXFileReference; lastKnownFileType = folder.assetcatalog; path = Color.xcassets; sourceTree = "<group>"; };
		A2674B232455D9D9001828FE /* Constraints.swift */ = {isa = PBXFileReference; lastKnownFileType = sourcecode.swift; path = Constraints.swift; sourceTree = "<group>"; };
		A26E246923E6DB5C00324D0C /* UseUserDefault.swift */ = {isa = PBXFileReference; lastKnownFileType = sourcecode.swift; path = UseUserDefault.swift; sourceTree = "<group>"; };
		A26F072023E58F6100DB0251 /* ReadTextFile.swift */ = {isa = PBXFileReference; lastKnownFileType = sourcecode.swift; path = ReadTextFile.swift; sourceTree = "<group>"; };
		A26F072223E58FEB00DB0251 /* jawiki-20200120-1.txt */ = {isa = PBXFileReference; fileEncoding = 4; lastKnownFileType = text; name = "jawiki-20200120-1.txt"; path = "Vocabulabo/Data/jawiki-20200120-1.txt"; sourceTree = SOURCE_ROOT; };
		A26F072423E594D800DB0251 /* Constants.swift */ = {isa = PBXFileReference; lastKnownFileType = sourcecode.swift; path = Constants.swift; sourceTree = "<group>"; };
		A26F072623E596BB00DB0251 /* WikipediaUtil.swift */ = {isa = PBXFileReference; lastKnownFileType = sourcecode.swift; path = WikipediaUtil.swift; sourceTree = "<group>"; };
		A29E4E7C23EB08070055787A /* FlowButton.swift */ = {isa = PBXFileReference; lastKnownFileType = sourcecode.swift; path = FlowButton.swift; sourceTree = "<group>"; };
		FF1E04DBD31C417589A7D79C /* Pods-Vocabulabo-VocabulaboUITests.debug.xcconfig */ = {isa = PBXFileReference; includeInIndex = 1; lastKnownFileType = text.xcconfig; name = "Pods-Vocabulabo-VocabulaboUITests.debug.xcconfig"; path = "Target Support Files/Pods-Vocabulabo-VocabulaboUITests/Pods-Vocabulabo-VocabulaboUITests.debug.xcconfig"; sourceTree = "<group>"; };
/* End PBXFileReference section */

/* Begin PBXFrameworksBuildPhase section */
		A21DA97523E560ED00EBF8D3 /* Frameworks */ = {
			isa = PBXFrameworksBuildPhase;
			buildActionMask = 2147483647;
			files = (
				9069BEE75CCBE174FA896D7F /* Pods_Vocabulabo.framework in Frameworks */,
			);
			runOnlyForDeploymentPostprocessing = 0;
		};
		A21DA98E23E560EF00EBF8D3 /* Frameworks */ = {
			isa = PBXFrameworksBuildPhase;
			buildActionMask = 2147483647;
			files = (
				B527B4FBAD13CEC7BBDDFD9A /* Pods_VocabulaboTests.framework in Frameworks */,
			);
			runOnlyForDeploymentPostprocessing = 0;
		};
		A21DA99923E560EF00EBF8D3 /* Frameworks */ = {
			isa = PBXFrameworksBuildPhase;
			buildActionMask = 2147483647;
			files = (
				0816B9E3A77A74638B42921C /* Pods_Vocabulabo_VocabulaboUITests.framework in Frameworks */,
			);
			runOnlyForDeploymentPostprocessing = 0;
		};
/* End PBXFrameworksBuildPhase section */

/* Begin PBXGroup section */
		2468362CF67960526D3C84D3 /* Pods */ = {
			isa = PBXGroup;
			children = (
				68638A7CE88EC5C39000F812 /* Pods-Vocabulabo.debug.xcconfig */,
				6D55A4F6B37A7C7BB05B4CC9 /* Pods-Vocabulabo.release.xcconfig */,
				FF1E04DBD31C417589A7D79C /* Pods-Vocabulabo-VocabulaboUITests.debug.xcconfig */,
				901D8A0E2EC5298DC7B83282 /* Pods-Vocabulabo-VocabulaboUITests.release.xcconfig */,
				2EC35315E8635E54A5B9BE86 /* Pods-VocabulaboTests.debug.xcconfig */,
				90285D6F70EB8BA93D4F5DE0 /* Pods-VocabulaboTests.release.xcconfig */,
			);
			path = Pods;
			sourceTree = "<group>";
		};
		381E6FAF39E545F8A0A57437 /* Frameworks */ = {
			isa = PBXGroup;
			children = (
				1721AB17B23CDEB686E6252B /* Pods_Vocabulabo.framework */,
				41DC5E8A6B52B47FE9E636DB /* Pods_Vocabulabo_VocabulaboUITests.framework */,
				0D829B32A91C5B20B9011A7D /* Pods_VocabulaboTests.framework */,
			);
			name = Frameworks;
			sourceTree = "<group>";
		};
		A21DA96F23E560ED00EBF8D3 = {
			isa = PBXGroup;
			children = (
				A21DA97A23E560ED00EBF8D3 /* Vocabulabo */,
				A21DA99423E560EF00EBF8D3 /* VocabulaboTests */,
				A21DA99F23E560EF00EBF8D3 /* VocabulaboUITests */,
				A21DA97923E560ED00EBF8D3 /* Products */,
				2468362CF67960526D3C84D3 /* Pods */,
				381E6FAF39E545F8A0A57437 /* Frameworks */,
			);
			sourceTree = "<group>";
		};
		A21DA97923E560ED00EBF8D3 /* Products */ = {
			isa = PBXGroup;
			children = (
				A21DA97823E560ED00EBF8D3 /* Vocabulabo.app */,
				A21DA99123E560EF00EBF8D3 /* VocabulaboTests.xctest */,
				A21DA99C23E560EF00EBF8D3 /* VocabulaboUITests.xctest */,
			);
			name = Products;
			sourceTree = "<group>";
		};
		A21DA97A23E560ED00EBF8D3 /* Vocabulabo */ = {
			isa = PBXGroup;
			children = (
				A21DA97B23E560ED00EBF8D3 /* AppDelegate.swift */,
				A21DA97D23E560ED00EBF8D3 /* SceneDelegate.swift */,
				A28AE19C257B41A800572BA5 /* View */,
				A28AE19D257B41F300572BA5 /* Data */,
				A28AE19B257B418100572BA5 /* Setting */,
				A28AE19A257B411400572BA5 /* Utility */,
				A21DA98723E560EF00EBF8D3 /* Assets.xcassets */,
				A2674B212455C851001828FE /* Color.xcassets */,
				A21DA98923E560EF00EBF8D3 /* LaunchScreen.storyboard */,
				A21DA98C23E560EF00EBF8D3 /* Info.plist */,
				A21DA98423E560ED00EBF8D3 /* Vocabulabo.xcdatamodeld */,
			);
			path = Vocabulabo;
			sourceTree = "<group>";
		};
		A21DA99423E560EF00EBF8D3 /* VocabulaboTests */ = {
			isa = PBXGroup;
			children = (
				A21DA99523E560EF00EBF8D3 /* VocabulaboTests.swift */,
				A21DA99723E560EF00EBF8D3 /* Info.plist */,
			);
			path = VocabulaboTests;
			sourceTree = "<group>";
		};
		A21DA99F23E560EF00EBF8D3 /* VocabulaboUITests */ = {
			isa = PBXGroup;
			children = (
				A21DA9A023E560EF00EBF8D3 /* VocabulaboUITests.swift */,
				A21DA9A223E560EF00EBF8D3 /* Info.plist */,
			);
			path = VocabulaboUITests;
			sourceTree = "<group>";
		};
		A28AE19A257B411400572BA5 /* Utility */ = {
			isa = PBXGroup;
			children = (
				A26E246923E6DB5C00324D0C /* UseUserDefault.swift */,
				A21DA9AE23E5614300EBF8D3 /* UseRealm.swift */,
				A26F072623E596BB00DB0251 /* WikipediaUtil.swift */,
				A26F072023E58F6100DB0251 /* ReadTextFile.swift */,
			);
			path = Utility;
			sourceTree = "<group>";
		};
		A28AE19B257B418100572BA5 /* Setting */ = {
			isa = PBXGroup;
			children = (
				A2674B232455D9D9001828FE /* Constraints.swift */,
				A26F072423E594D800DB0251 /* Constants.swift */,
			);
			path = Setting;
			sourceTree = "<group>";
		};
		A28AE19C257B41A800572BA5 /* View */ = {
			isa = PBXGroup;
			children = (
				A21DA98123E560ED00EBF8D3 /* Main.storyboard */,
				A21DA97F23E560ED00EBF8D3 /* ViewController.swift */,
				A29E4E7C23EB08070055787A /* FlowButton.swift */,
			);
			path = View;
			sourceTree = "<group>";
		};
		A28AE19D257B41F300572BA5 /* Data */ = {
			isa = PBXGroup;
			children = (
				A26F072223E58FEB00DB0251 /* jawiki-20200120-1.txt */,
			);
			path = Data;
			sourceTree = "<group>";
		};
/* End PBXGroup section */

/* Begin PBXNativeTarget section */
		A21DA97723E560ED00EBF8D3 /* Vocabulabo */ = {
			isa = PBXNativeTarget;
			buildConfigurationList = A21DA9A523E560EF00EBF8D3 /* Build configuration list for PBXNativeTarget "Vocabulabo" */;
			buildPhases = (
				303074F5C81146044BEF4C72 /* [CP] Check Pods Manifest.lock */,
				A21DA97423E560ED00EBF8D3 /* Sources */,
				A21DA97523E560ED00EBF8D3 /* Frameworks */,
				A21DA97623E560ED00EBF8D3 /* Resources */,
				EF108A6BBB42F0C6612C33DF /* [CP] Embed Pods Frameworks */,
			);
			buildRules = (
			);
			dependencies = (
			);
			name = Vocabulabo;
			productName = Vocabulabo;
			productReference = A21DA97823E560ED00EBF8D3 /* Vocabulabo.app */;
			productType = "com.apple.product-type.application";
		};
		A21DA99023E560EF00EBF8D3 /* VocabulaboTests */ = {
			isa = PBXNativeTarget;
			buildConfigurationList = A21DA9A823E560EF00EBF8D3 /* Build configuration list for PBXNativeTarget "VocabulaboTests" */;
			buildPhases = (
				5EBCCB81D299F9C8D23ADFB2 /* [CP] Check Pods Manifest.lock */,
				A21DA98D23E560EF00EBF8D3 /* Sources */,
				A21DA98E23E560EF00EBF8D3 /* Frameworks */,
				A21DA98F23E560EF00EBF8D3 /* Resources */,
			);
			buildRules = (
			);
			dependencies = (
				A21DA99323E560EF00EBF8D3 /* PBXTargetDependency */,
			);
			name = VocabulaboTests;
			productName = VocabulaboTests;
			productReference = A21DA99123E560EF00EBF8D3 /* VocabulaboTests.xctest */;
			productType = "com.apple.product-type.bundle.unit-test";
		};
		A21DA99B23E560EF00EBF8D3 /* VocabulaboUITests */ = {
			isa = PBXNativeTarget;
			buildConfigurationList = A21DA9AB23E560EF00EBF8D3 /* Build configuration list for PBXNativeTarget "VocabulaboUITests" */;
			buildPhases = (
				817C3D5A24B48F5119DD4706 /* [CP] Check Pods Manifest.lock */,
				A21DA99823E560EF00EBF8D3 /* Sources */,
				A21DA99923E560EF00EBF8D3 /* Frameworks */,
				A21DA99A23E560EF00EBF8D3 /* Resources */,
				A3B83EF7060879A5D2DC4830 /* [CP] Embed Pods Frameworks */,
			);
			buildRules = (
			);
			dependencies = (
				A21DA99E23E560EF00EBF8D3 /* PBXTargetDependency */,
			);
			name = VocabulaboUITests;
			productName = VocabulaboUITests;
			productReference = A21DA99C23E560EF00EBF8D3 /* VocabulaboUITests.xctest */;
			productType = "com.apple.product-type.bundle.ui-testing";
		};
/* End PBXNativeTarget section */

/* Begin PBXProject section */
		A21DA97023E560ED00EBF8D3 /* Project object */ = {
			isa = PBXProject;
			attributes = {
				LastSwiftUpdateCheck = 1130;
				LastUpgradeCheck = 1130;
				ORGANIZATIONNAME = ShuNakamura;
				TargetAttributes = {
					A21DA97723E560ED00EBF8D3 = {
						CreatedOnToolsVersion = 11.3;
					};
					A21DA99023E560EF00EBF8D3 = {
						CreatedOnToolsVersion = 11.3;
						TestTargetID = A21DA97723E560ED00EBF8D3;
					};
					A21DA99B23E560EF00EBF8D3 = {
						CreatedOnToolsVersion = 11.3;
						TestTargetID = A21DA97723E560ED00EBF8D3;
					};
				};
			};
			buildConfigurationList = A21DA97323E560ED00EBF8D3 /* Build configuration list for PBXProject "Vocabulabo" */;
			compatibilityVersion = "Xcode 9.3";
			developmentRegion = en;
			hasScannedForEncodings = 0;
			knownRegions = (
				en,
				Base,
			);
			mainGroup = A21DA96F23E560ED00EBF8D3;
			productRefGroup = A21DA97923E560ED00EBF8D3 /* Products */;
			projectDirPath = "";
			projectRoot = "";
			targets = (
				A21DA97723E560ED00EBF8D3 /* Vocabulabo */,
				A21DA99023E560EF00EBF8D3 /* VocabulaboTests */,
				A21DA99B23E560EF00EBF8D3 /* VocabulaboUITests */,
			);
		};
/* End PBXProject section */

/* Begin PBXResourcesBuildPhase section */
		A21DA97623E560ED00EBF8D3 /* Resources */ = {
			isa = PBXResourcesBuildPhase;
			buildActionMask = 2147483647;
			files = (
				A26F072323E58FEB00DB0251 /* jawiki-20200120-1.txt in Resources */,
				A21DA98B23E560EF00EBF8D3 /* LaunchScreen.storyboard in Resources */,
				A2674B222455C851001828FE /* Color.xcassets in Resources */,
				A21DA98823E560EF00EBF8D3 /* Assets.xcassets in Resources */,
				A21DA98323E560ED00EBF8D3 /* Main.storyboard in Resources */,
			);
			runOnlyForDeploymentPostprocessing = 0;
		};
		A21DA98F23E560EF00EBF8D3 /* Resources */ = {
			isa = PBXResourcesBuildPhase;
			buildActionMask = 2147483647;
			files = (
			);
			runOnlyForDeploymentPostprocessing = 0;
		};
		A21DA99A23E560EF00EBF8D3 /* Resources */ = {
			isa = PBXResourcesBuildPhase;
			buildActionMask = 2147483647;
			files = (
			);
			runOnlyForDeploymentPostprocessing = 0;
		};
/* End PBXResourcesBuildPhase section */

/* Begin PBXShellScriptBuildPhase section */
		303074F5C81146044BEF4C72 /* [CP] Check Pods Manifest.lock */ = {
			isa = PBXShellScriptBuildPhase;
			buildActionMask = 2147483647;
			files = (
			);
			inputFileListPaths = (
			);
			inputPaths = (
				"${PODS_PODFILE_DIR_PATH}/Podfile.lock",
				"${PODS_ROOT}/Manifest.lock",
			);
			name = "[CP] Check Pods Manifest.lock";
			outputFileListPaths = (
			);
			outputPaths = (
				"$(DERIVED_FILE_DIR)/Pods-Vocabulabo-checkManifestLockResult.txt",
			);
			runOnlyForDeploymentPostprocessing = 0;
			shellPath = /bin/sh;
			shellScript = "diff \"${PODS_PODFILE_DIR_PATH}/Podfile.lock\" \"${PODS_ROOT}/Manifest.lock\" > /dev/null\nif [ $? != 0 ] ; then\n    # print error to STDERR\n    echo \"error: The sandbox is not in sync with the Podfile.lock. Run 'pod install' or update your CocoaPods installation.\" >&2\n    exit 1\nfi\n# This output is used by Xcode 'outputs' to avoid re-running this script phase.\necho \"SUCCESS\" > \"${SCRIPT_OUTPUT_FILE_0}\"\n";
			showEnvVarsInLog = 0;
		};
		5EBCCB81D299F9C8D23ADFB2 /* [CP] Check Pods Manifest.lock */ = {
			isa = PBXShellScriptBuildPhase;
			buildActionMask = 2147483647;
			files = (
			);
			inputFileListPaths = (
			);
			inputPaths = (
				"${PODS_PODFILE_DIR_PATH}/Podfile.lock",
				"${PODS_ROOT}/Manifest.lock",
			);
			name = "[CP] Check Pods Manifest.lock";
			outputFileListPaths = (
			);
			outputPaths = (
				"$(DERIVED_FILE_DIR)/Pods-VocabulaboTests-checkManifestLockResult.txt",
			);
			runOnlyForDeploymentPostprocessing = 0;
			shellPath = /bin/sh;
			shellScript = "diff \"${PODS_PODFILE_DIR_PATH}/Podfile.lock\" \"${PODS_ROOT}/Manifest.lock\" > /dev/null\nif [ $? != 0 ] ; then\n    # print error to STDERR\n    echo \"error: The sandbox is not in sync with the Podfile.lock. Run 'pod install' or update your CocoaPods installation.\" >&2\n    exit 1\nfi\n# This output is used by Xcode 'outputs' to avoid re-running this script phase.\necho \"SUCCESS\" > \"${SCRIPT_OUTPUT_FILE_0}\"\n";
			showEnvVarsInLog = 0;
		};
		817C3D5A24B48F5119DD4706 /* [CP] Check Pods Manifest.lock */ = {
			isa = PBXShellScriptBuildPhase;
			buildActionMask = 2147483647;
			files = (
			);
			inputFileListPaths = (
			);
			inputPaths = (
				"${PODS_PODFILE_DIR_PATH}/Podfile.lock",
				"${PODS_ROOT}/Manifest.lock",
			);
			name = "[CP] Check Pods Manifest.lock";
			outputFileListPaths = (
			);
			outputPaths = (
				"$(DERIVED_FILE_DIR)/Pods-Vocabulabo-VocabulaboUITests-checkManifestLockResult.txt",
			);
			runOnlyForDeploymentPostprocessing = 0;
			shellPath = /bin/sh;
			shellScript = "diff \"${PODS_PODFILE_DIR_PATH}/Podfile.lock\" \"${PODS_ROOT}/Manifest.lock\" > /dev/null\nif [ $? != 0 ] ; then\n    # print error to STDERR\n    echo \"error: The sandbox is not in sync with the Podfile.lock. Run 'pod install' or update your CocoaPods installation.\" >&2\n    exit 1\nfi\n# This output is used by Xcode 'outputs' to avoid re-running this script phase.\necho \"SUCCESS\" > \"${SCRIPT_OUTPUT_FILE_0}\"\n";
			showEnvVarsInLog = 0;
		};
		A3B83EF7060879A5D2DC4830 /* [CP] Embed Pods Frameworks */ = {
			isa = PBXShellScriptBuildPhase;
			buildActionMask = 2147483647;
			files = (
			);
			inputFileListPaths = (
				"${PODS_ROOT}/Target Support Files/Pods-Vocabulabo-VocabulaboUITests/Pods-Vocabulabo-VocabulaboUITests-frameworks-${CONFIGURATION}-input-files.xcfilelist",
			);
			name = "[CP] Embed Pods Frameworks";
			outputFileListPaths = (
				"${PODS_ROOT}/Target Support Files/Pods-Vocabulabo-VocabulaboUITests/Pods-Vocabulabo-VocabulaboUITests-frameworks-${CONFIGURATION}-output-files.xcfilelist",
			);
			runOnlyForDeploymentPostprocessing = 0;
			shellPath = /bin/sh;
			shellScript = "\"${PODS_ROOT}/Target Support Files/Pods-Vocabulabo-VocabulaboUITests/Pods-Vocabulabo-VocabulaboUITests-frameworks.sh\"\n";
			showEnvVarsInLog = 0;
		};
		EF108A6BBB42F0C6612C33DF /* [CP] Embed Pods Frameworks */ = {
			isa = PBXShellScriptBuildPhase;
			buildActionMask = 2147483647;
			files = (
			);
			inputFileListPaths = (
				"${PODS_ROOT}/Target Support Files/Pods-Vocabulabo/Pods-Vocabulabo-frameworks-${CONFIGURATION}-input-files.xcfilelist",
			);
			name = "[CP] Embed Pods Frameworks";
			outputFileListPaths = (
				"${PODS_ROOT}/Target Support Files/Pods-Vocabulabo/Pods-Vocabulabo-frameworks-${CONFIGURATION}-output-files.xcfilelist",
			);
			runOnlyForDeploymentPostprocessing = 0;
			shellPath = /bin/sh;
			shellScript = "\"${PODS_ROOT}/Target Support Files/Pods-Vocabulabo/Pods-Vocabulabo-frameworks.sh\"\n";
			showEnvVarsInLog = 0;
		};
/* End PBXShellScriptBuildPhase section */

/* Begin PBXSourcesBuildPhase section */
		A21DA97423E560ED00EBF8D3 /* Sources */ = {
			isa = PBXSourcesBuildPhase;
			buildActionMask = 2147483647;
			files = (
				A26E246A23E6DB5C00324D0C /* UseUserDefault.swift in Sources */,
				A21DA98023E560ED00EBF8D3 /* ViewController.swift in Sources */,
				A21DA98623E560ED00EBF8D3 /* Vocabulabo.xcdatamodeld in Sources */,
				A26F072123E58F6100DB0251 /* ReadTextFile.swift in Sources */,
				A2674B242455D9D9001828FE /* Constraints.swift in Sources */,
				A26F072723E596BB00DB0251 /* WikipediaUtil.swift in Sources */,
				A29E4E7D23EB08070055787A /* FlowButton.swift in Sources */,
				A21DA9AF23E5614300EBF8D3 /* UseRealm.swift in Sources */,
				A21DA97C23E560ED00EBF8D3 /* AppDelegate.swift in Sources */,
				A21DA97E23E560ED00EBF8D3 /* SceneDelegate.swift in Sources */,
				A26F072523E594D800DB0251 /* Constants.swift in Sources */,
			);
			runOnlyForDeploymentPostprocessing = 0;
		};
		A21DA98D23E560EF00EBF8D3 /* Sources */ = {
			isa = PBXSourcesBuildPhase;
			buildActionMask = 2147483647;
			files = (
				A21DA99623E560EF00EBF8D3 /* VocabulaboTests.swift in Sources */,
			);
			runOnlyForDeploymentPostprocessing = 0;
		};
		A21DA99823E560EF00EBF8D3 /* Sources */ = {
			isa = PBXSourcesBuildPhase;
			buildActionMask = 2147483647;
			files = (
				A21DA9A123E560EF00EBF8D3 /* VocabulaboUITests.swift in Sources */,
			);
			runOnlyForDeploymentPostprocessing = 0;
		};
/* End PBXSourcesBuildPhase section */

/* Begin PBXTargetDependency section */
		A21DA99323E560EF00EBF8D3 /* PBXTargetDependency */ = {
			isa = PBXTargetDependency;
			target = A21DA97723E560ED00EBF8D3 /* Vocabulabo */;
			targetProxy = A21DA99223E560EF00EBF8D3 /* PBXContainerItemProxy */;
		};
		A21DA99E23E560EF00EBF8D3 /* PBXTargetDependency */ = {
			isa = PBXTargetDependency;
			target = A21DA97723E560ED00EBF8D3 /* Vocabulabo */;
			targetProxy = A21DA99D23E560EF00EBF8D3 /* PBXContainerItemProxy */;
		};
/* End PBXTargetDependency section */

/* Begin PBXVariantGroup section */
		A21DA98123E560ED00EBF8D3 /* Main.storyboard */ = {
			isa = PBXVariantGroup;
			children = (
				A21DA98223E560ED00EBF8D3 /* Base */,
			);
			name = Main.storyboard;
			sourceTree = "<group>";
		};
		A21DA98923E560EF00EBF8D3 /* LaunchScreen.storyboard */ = {
			isa = PBXVariantGroup;
			children = (
				A21DA98A23E560EF00EBF8D3 /* Base */,
			);
			name = LaunchScreen.storyboard;
			sourceTree = "<group>";
		};
/* End PBXVariantGroup section */

/* Begin XCBuildConfiguration section */
		A21DA9A323E560EF00EBF8D3 /* Debug */ = {
			isa = XCBuildConfiguration;
			buildSettings = {
				ALWAYS_SEARCH_USER_PATHS = NO;
				CLANG_ANALYZER_NONNULL = YES;
				CLANG_ANALYZER_NUMBER_OBJECT_CONVERSION = YES_AGGRESSIVE;
				CLANG_CXX_LANGUAGE_STANDARD = "gnu++14";
				CLANG_CXX_LIBRARY = "libc++";
				CLANG_ENABLE_MODULES = YES;
				CLANG_ENABLE_OBJC_ARC = YES;
				CLANG_ENABLE_OBJC_WEAK = YES;
				CLANG_WARN_BLOCK_CAPTURE_AUTORELEASING = YES;
				CLANG_WARN_BOOL_CONVERSION = YES;
				CLANG_WARN_COMMA = YES;
				CLANG_WARN_CONSTANT_CONVERSION = YES;
				CLANG_WARN_DEPRECATED_OBJC_IMPLEMENTATIONS = YES;
				CLANG_WARN_DIRECT_OBJC_ISA_USAGE = YES_ERROR;
				CLANG_WARN_DOCUMENTATION_COMMENTS = YES;
				CLANG_WARN_EMPTY_BODY = YES;
				CLANG_WARN_ENUM_CONVERSION = YES;
				CLANG_WARN_INFINITE_RECURSION = YES;
				CLANG_WARN_INT_CONVERSION = YES;
				CLANG_WARN_NON_LITERAL_NULL_CONVERSION = YES;
				CLANG_WARN_OBJC_IMPLICIT_RETAIN_SELF = YES;
				CLANG_WARN_OBJC_LITERAL_CONVERSION = YES;
				CLANG_WARN_OBJC_ROOT_CLASS = YES_ERROR;
				CLANG_WARN_RANGE_LOOP_ANALYSIS = YES;
				CLANG_WARN_STRICT_PROTOTYPES = YES;
				CLANG_WARN_SUSPICIOUS_MOVE = YES;
				CLANG_WARN_UNGUARDED_AVAILABILITY = YES_AGGRESSIVE;
				CLANG_WARN_UNREACHABLE_CODE = YES;
				CLANG_WARN__DUPLICATE_METHOD_MATCH = YES;
				COPY_PHASE_STRIP = NO;
				DEBUG_INFORMATION_FORMAT = dwarf;
				ENABLE_STRICT_OBJC_MSGSEND = YES;
				ENABLE_TESTABILITY = YES;
				GCC_C_LANGUAGE_STANDARD = gnu11;
				GCC_DYNAMIC_NO_PIC = NO;
				GCC_NO_COMMON_BLOCKS = YES;
				GCC_OPTIMIZATION_LEVEL = 0;
				GCC_PREPROCESSOR_DEFINITIONS = (
					"DEBUG=1",
					"$(inherited)",
				);
				GCC_WARN_64_TO_32_BIT_CONVERSION = YES;
				GCC_WARN_ABOUT_RETURN_TYPE = YES_ERROR;
				GCC_WARN_UNDECLARED_SELECTOR = YES;
				GCC_WARN_UNINITIALIZED_AUTOS = YES_AGGRESSIVE;
				GCC_WARN_UNUSED_FUNCTION = YES;
				GCC_WARN_UNUSED_VARIABLE = YES;
				IPHONEOS_DEPLOYMENT_TARGET = 13.2;
				MTL_ENABLE_DEBUG_INFO = INCLUDE_SOURCE;
				MTL_FAST_MATH = YES;
				ONLY_ACTIVE_ARCH = YES;
				SDKROOT = iphoneos;
				SWIFT_ACTIVE_COMPILATION_CONDITIONS = DEBUG;
				SWIFT_OPTIMIZATION_LEVEL = "-Onone";
			};
			name = Debug;
		};
		A21DA9A423E560EF00EBF8D3 /* Release */ = {
			isa = XCBuildConfiguration;
			buildSettings = {
				ALWAYS_SEARCH_USER_PATHS = NO;
				CLANG_ANALYZER_NONNULL = YES;
				CLANG_ANALYZER_NUMBER_OBJECT_CONVERSION = YES_AGGRESSIVE;
				CLANG_CXX_LANGUAGE_STANDARD = "gnu++14";
				CLANG_CXX_LIBRARY = "libc++";
				CLANG_ENABLE_MODULES = YES;
				CLANG_ENABLE_OBJC_ARC = YES;
				CLANG_ENABLE_OBJC_WEAK = YES;
				CLANG_WARN_BLOCK_CAPTURE_AUTORELEASING = YES;
				CLANG_WARN_BOOL_CONVERSION = YES;
				CLANG_WARN_COMMA = YES;
				CLANG_WARN_CONSTANT_CONVERSION = YES;
				CLANG_WARN_DEPRECATED_OBJC_IMPLEMENTATIONS = YES;
				CLANG_WARN_DIRECT_OBJC_ISA_USAGE = YES_ERROR;
				CLANG_WARN_DOCUMENTATION_COMMENTS = YES;
				CLANG_WARN_EMPTY_BODY = YES;
				CLANG_WARN_ENUM_CONVERSION = YES;
				CLANG_WARN_INFINITE_RECURSION = YES;
				CLANG_WARN_INT_CONVERSION = YES;
				CLANG_WARN_NON_LITERAL_NULL_CONVERSION = YES;
				CLANG_WARN_OBJC_IMPLICIT_RETAIN_SELF = YES;
				CLANG_WARN_OBJC_LITERAL_CONVERSION = YES;
				CLANG_WARN_OBJC_ROOT_CLASS = YES_ERROR;
				CLANG_WARN_RANGE_LOOP_ANALYSIS = YES;
				CLANG_WARN_STRICT_PROTOTYPES = YES;
				CLANG_WARN_SUSPICIOUS_MOVE = YES;
				CLANG_WARN_UNGUARDED_AVAILABILITY = YES_AGGRESSIVE;
				CLANG_WARN_UNREACHABLE_CODE = YES;
				CLANG_WARN__DUPLICATE_METHOD_MATCH = YES;
				COPY_PHASE_STRIP = NO;
				DEBUG_INFORMATION_FORMAT = "dwarf-with-dsym";
				ENABLE_NS_ASSERTIONS = NO;
				ENABLE_STRICT_OBJC_MSGSEND = YES;
				GCC_C_LANGUAGE_STANDARD = gnu11;
				GCC_NO_COMMON_BLOCKS = YES;
				GCC_WARN_64_TO_32_BIT_CONVERSION = YES;
				GCC_WARN_ABOUT_RETURN_TYPE = YES_ERROR;
				GCC_WARN_UNDECLARED_SELECTOR = YES;
				GCC_WARN_UNINITIALIZED_AUTOS = YES_AGGRESSIVE;
				GCC_WARN_UNUSED_FUNCTION = YES;
				GCC_WARN_UNUSED_VARIABLE = YES;
				IPHONEOS_DEPLOYMENT_TARGET = 13.2;
				MTL_ENABLE_DEBUG_INFO = NO;
				MTL_FAST_MATH = YES;
				SDKROOT = iphoneos;
				SWIFT_COMPILATION_MODE = wholemodule;
				SWIFT_OPTIMIZATION_LEVEL = "-O";
				VALIDATE_PRODUCT = YES;
			};
			name = Release;
		};
		A21DA9A623E560EF00EBF8D3 /* Debug */ = {
			isa = XCBuildConfiguration;
			baseConfigurationReference = 68638A7CE88EC5C39000F812 /* Pods-Vocabulabo.debug.xcconfig */;
			buildSettings = {
				ASSETCATALOG_COMPILER_APPICON_NAME = AppIcon;
				CODE_SIGN_STYLE = Automatic;
				DEVELOPMENT_TEAM = M7W8Z93KGM;
				INFOPLIST_FILE = Vocabulabo/Info.plist;
				LD_RUNPATH_SEARCH_PATHS = (
					"$(inherited)",
					"@executable_path/Frameworks",
				);
				PRODUCT_BUNDLE_IDENTIFIER = MobileApplicationTukuru.Vocabulabo;
				PRODUCT_NAME = "$(TARGET_NAME)";
				SWIFT_VERSION = 5.0;
				TARGETED_DEVICE_FAMILY = "1,2";
			};
			name = Debug;
		};
		A21DA9A723E560EF00EBF8D3 /* Release */ = {
			isa = XCBuildConfiguration;
			baseConfigurationReference = 6D55A4F6B37A7C7BB05B4CC9 /* Pods-Vocabulabo.release.xcconfig */;
			buildSettings = {
				ASSETCATALOG_COMPILER_APPICON_NAME = AppIcon;
				CODE_SIGN_STYLE = Automatic;
				DEVELOPMENT_TEAM = M7W8Z93KGM;
				INFOPLIST_FILE = Vocabulabo/Info.plist;
				LD_RUNPATH_SEARCH_PATHS = (
					"$(inherited)",
					"@executable_path/Frameworks",
				);
				PRODUCT_BUNDLE_IDENTIFIER = MobileApplicationTukuru.Vocabulabo;
				PRODUCT_NAME = "$(TARGET_NAME)";
				SWIFT_VERSION = 5.0;
				TARGETED_DEVICE_FAMILY = "1,2";
			};
			name = Release;
		};
		A21DA9A923E560EF00EBF8D3 /* Debug */ = {
			isa = XCBuildConfiguration;
			baseConfigurationReference = 2EC35315E8635E54A5B9BE86 /* Pods-VocabulaboTests.debug.xcconfig */;
			buildSettings = {
				ALWAYS_EMBED_SWIFT_STANDARD_LIBRARIES = YES;
				BUNDLE_LOADER = "$(TEST_HOST)";
				CODE_SIGN_STYLE = Automatic;
				DEVELOPMENT_TEAM = M7W8Z93KGM;
				INFOPLIST_FILE = VocabulaboTests/Info.plist;
				IPHONEOS_DEPLOYMENT_TARGET = 13.2;
				LD_RUNPATH_SEARCH_PATHS = (
					"$(inherited)",
					"@executable_path/Frameworks",
					"@loader_path/Frameworks",
				);
				PRODUCT_BUNDLE_IDENTIFIER = MobileApplicationTukuru.VocabulaboTests;
				PRODUCT_NAME = "$(TARGET_NAME)";
				SWIFT_VERSION = 5.0;
				TARGETED_DEVICE_FAMILY = "1,2";
				TEST_HOST = "$(BUILT_PRODUCTS_DIR)/Vocabulabo.app/Vocabulabo";
			};
			name = Debug;
		};
		A21DA9AA23E560EF00EBF8D3 /* Release */ = {
			isa = XCBuildConfiguration;
			baseConfigurationReference = 90285D6F70EB8BA93D4F5DE0 /* Pods-VocabulaboTests.release.xcconfig */;
			buildSettings = {
				ALWAYS_EMBED_SWIFT_STANDARD_LIBRARIES = YES;
				BUNDLE_LOADER = "$(TEST_HOST)";
				CODE_SIGN_STYLE = Automatic;
				DEVELOPMENT_TEAM = M7W8Z93KGM;
				INFOPLIST_FILE = VocabulaboTests/Info.plist;
				IPHONEOS_DEPLOYMENT_TARGET = 13.2;
				LD_RUNPATH_SEARCH_PATHS = (
					"$(inherited)",
					"@executable_path/Frameworks",
					"@loader_path/Frameworks",
				);
				PRODUCT_BUNDLE_IDENTIFIER = MobileApplicationTukuru.VocabulaboTests;
				PRODUCT_NAME = "$(TARGET_NAME)";
				SWIFT_VERSION = 5.0;
				TARGETED_DEVICE_FAMILY = "1,2";
				TEST_HOST = "$(BUILT_PRODUCTS_DIR)/Vocabulabo.app/Vocabulabo";
			};
			name = Release;
		};
		A21DA9AC23E560EF00EBF8D3 /* Debug */ = {
			isa = XCBuildConfiguration;
			baseConfigurationReference = FF1E04DBD31C417589A7D79C /* Pods-Vocabulabo-VocabulaboUITests.debug.xcconfig */;
			buildSettings = {
				ALWAYS_EMBED_SWIFT_STANDARD_LIBRARIES = YES;
				CODE_SIGN_STYLE = Automatic;
				DEVELOPMENT_TEAM = M7W8Z93KGM;
				INFOPLIST_FILE = VocabulaboUITests/Info.plist;
				LD_RUNPATH_SEARCH_PATHS = (
					"$(inherited)",
					"@executable_path/Frameworks",
					"@loader_path/Frameworks",
				);
				PRODUCT_BUNDLE_IDENTIFIER = MobileApplicationTukuru.VocabulaboUITests;
				PRODUCT_NAME = "$(TARGET_NAME)";
				SWIFT_VERSION = 5.0;
				TARGETED_DEVICE_FAMILY = "1,2";
				TEST_TARGET_NAME = Vocabulabo;
			};
			name = Debug;
		};
		A21DA9AD23E560EF00EBF8D3 /* Release */ = {
			isa = XCBuildConfiguration;
			baseConfigurationReference = 901D8A0E2EC5298DC7B83282 /* Pods-Vocabulabo-VocabulaboUITests.release.xcconfig */;
			buildSettings = {
				ALWAYS_EMBED_SWIFT_STANDARD_LIBRARIES = YES;
				CODE_SIGN_STYLE = Automatic;
				DEVELOPMENT_TEAM = M7W8Z93KGM;
				INFOPLIST_FILE = VocabulaboUITests/Info.plist;
				LD_RUNPATH_SEARCH_PATHS = (
					"$(inherited)",
					"@executable_path/Frameworks",
					"@loader_path/Frameworks",
				);
				PRODUCT_BUNDLE_IDENTIFIER = MobileApplicationTukuru.VocabulaboUITests;
				PRODUCT_NAME = "$(TARGET_NAME)";
				SWIFT_VERSION = 5.0;
				TARGETED_DEVICE_FAMILY = "1,2";
				TEST_TARGET_NAME = Vocabulabo;
			};
			name = Release;
		};
/* End XCBuildConfiguration section */

/* Begin XCConfigurationList section */
		A21DA97323E560ED00EBF8D3 /* Build configuration list for PBXProject "Vocabulabo" */ = {
			isa = XCConfigurationList;
			buildConfigurations = (
				A21DA9A323E560EF00EBF8D3 /* Debug */,
				A21DA9A423E560EF00EBF8D3 /* Release */,
			);
			defaultConfigurationIsVisible = 0;
			defaultConfigurationName = Release;
		};
		A21DA9A523E560EF00EBF8D3 /* Build configuration list for PBXNativeTarget "Vocabulabo" */ = {
			isa = XCConfigurationList;
			buildConfigurations = (
				A21DA9A623E560EF00EBF8D3 /* Debug */,
				A21DA9A723E560EF00EBF8D3 /* Release */,
			);
			defaultConfigurationIsVisible = 0;
			defaultConfigurationName = Release;
		};
		A21DA9A823E560EF00EBF8D3 /* Build configuration list for PBXNativeTarget "VocabulaboTests" */ = {
			isa = XCConfigurationList;
			buildConfigurations = (
				A21DA9A923E560EF00EBF8D3 /* Debug */,
				A21DA9AA23E560EF00EBF8D3 /* Release */,
			);
			defaultConfigurationIsVisible = 0;
			defaultConfigurationName = Release;
		};
		A21DA9AB23E560EF00EBF8D3 /* Build configuration list for PBXNativeTarget "VocabulaboUITests" */ = {
			isa = XCConfigurationList;
			buildConfigurations = (
				A21DA9AC23E560EF00EBF8D3 /* Debug */,
				A21DA9AD23E560EF00EBF8D3 /* Release */,
			);
			defaultConfigurationIsVisible = 0;
			defaultConfigurationName = Release;
		};
/* End XCConfigurationList section */

/* Begin XCVersionGroup section */
		A21DA98423E560ED00EBF8D3 /* Vocabulabo.xcdatamodeld */ = {
			isa = XCVersionGroup;
			children = (
				A21DA98523E560ED00EBF8D3 /* Vocabulabo.xcdatamodel */,
			);
			currentVersion = A21DA98523E560ED00EBF8D3 /* Vocabulabo.xcdatamodel */;
			path = Vocabulabo.xcdatamodeld;
			sourceTree = "<group>";
			versionGroupType = wrapper.xcdatamodel;
		};
/* End XCVersionGroup section */
	};
	rootObject = A21DA97023E560ED00EBF8D3 /* Project object */;
}
